{
  "name": "hackathon3_vien_advance",
  "lockfileVersion": 3,
  "requires": true,
  "packages": {
    "": {
      "dependencies": {
        "script": "^0.1.4"
      }
    },
    "node_modules/concat-stream": {
      "version": "0.0.8",
      "resolved": "https://registry.npmjs.org/concat-stream/-/concat-stream-0.0.8.tgz",
      "integrity": "sha512-z19r8v2Wnqku4y2MO6oCOJi0L9ll/Jw0r+eXIb/DZPohj1fepAa2gSeRDY8UjdwrUnjJ7ZjQf7kX8YTwBM+GWg==",
      "engines": [
        "node >= 0.8.0"
      ]
    },
    "node_modules/detective": {
      "version": "0.3.0-dz0",
      "resolved": "git+ssh://git@github.com/shtylman/node-detective.git#06d5cb4534818860b5a7f8d0a321dc7ae86d8e74",
      "license": "MIT",
      "dependencies": {
        "escodegen": "0.0.15",
        "esprima": "1.0.2"
      },
      "engines": {
        "node": ">=0.6.0"
      }
    },
    "node_modules/escodegen": {
      "version": "0.0.15",
      "resolved": "https://registry.npmjs.org/escodegen/-/escodegen-0.0.15.tgz",
      "integrity": "sha512-ALdTVKqhEj6bDf4pC0fXWRiUvhyJSJ0Ic8AdPuMGKckoa3gMXG+MPduI8TlDoSS84swDkfXeogXapbkErAHvDA==",
      "dependencies": {
        "esprima": ">= 1.0.0"
      },
      "bin": {
        "escodegen": "bin/escodegen.js",
        "esgenerate": "bin/esgenerate.js"
      },
      "engines": {
        "node": ">=0.4.0"
      },
      "optionalDependencies": {
        "source-map": ">= 0.1.2"
      }
    },
    "node_modules/esprima": {
      "version": "1.0.2",
      "resolved": "https://registry.npmjs.org/esprima/-/esprima-1.0.2.tgz",
      "integrity": "sha512-j2ZAN1Cm/rgsIEHgNa6eqvZjEtqFh8WEUdVswEpxj03AyzR1R6CHfunOpd9NOmLg0U18aAO2FunAjs49f5w0Yg==",
      "bin": {
        "esparse": "bin/esparse.js",
        "esvalidate": "bin/esvalidate.js"
      },
      "engines": {
        "node": ">=0.4.0"
      }
    },
    "node_modules/http-browserify": {
      "version": "0.1.2",
      "resolved": "https://registry.npmjs.org/http-browserify/-/http-browserify-0.1.2.tgz",
      "integrity": "sha512-50krmtUOhmKBnxcAfy2bYvBvDCT1KU1XFynfVpkzWaLDiN1yXcjyAqNZ0M+7Dn68MsM9ZZli0Q+0xpyaKy4LQw==",
      "dependencies": {
        "concat-stream": "0.0.8"
      }
    },
    "node_modules/merge": {
      "version": "1.0.0",
      "resolved": "https://registry.npmjs.org/merge/-/merge-1.0.0.tgz",
      "integrity": "sha512-cC6PQ4VUbr1B1U/J9KrgANoa6Dn1P01a/JsWntA5Fl0fm43+dyMr4Ge2u8hj2EXqxLRUArLfRpuCryntasbMfw==",
      "engines": {
        "node": "*"
      }
    },
    "node_modules/optimist": {
      "version": "0.3.4",
      "resolved": "https://registry.npmjs.org/optimist/-/optimist-0.3.4.tgz",
      "integrity": "sha512-CM668OmXLjrLKlVPze/bc0BIOZ0qoM5gWwEVurkjXPv6cgkybJ2TSt86nmaud+niwPfWHLOcgbbcRtA5zJgOIQ==",
      "dependencies": {
        "wordwrap": "~0.0.2"
      },
      "engines": {
        "node": "*"
      }
    },
    "node_modules/process": {
      "version": "0.5.0",
      "resolved": "https://registry.npmjs.org/process/-/process-0.5.0.tgz",
      "integrity": "sha512-keggeARIyaZK2e/EzBc3wiYR1dJuHRnTzBC+Y13Z2xEuKfTehFbWwm+FihyNL4eucO1kktW3elFCKgw4W7v/gg==",
      "engines": {
        "node": ">= 0.6.0"
      }
    },
    "node_modules/required": {
      "version": "0.0.8",
      "resolved": "https://registry.npmjs.org/required/-/required-0.0.8.tgz",
      "integrity": "sha512-wasO+1YxXedAmCtUuer65B28uyxOMeRZ97PHMCcMxpbq4ZVzlsHIhRFD2pqFLXQvqGU1fTjEmuXbXQXJrDg8dQ==",
      "dependencies": {
        "detective": "git://github.com/shtylman/node-detective.git#06d5cb"
      }
    },
    "node_modules/script": {
      "version": "0.1.4",
      "resolved": "https://registry.npmjs.org/script/-/script-0.1.4.tgz",
      "integrity": "sha512-TQ0634hj7trAFXnAew2GvNEB4CTOyO88YOdnEqdqKLBA3ohWLU7Qh6so+ZdxblBUeGC+PUTFUlQ4kxZBH/J4UQ==",
      "dependencies": {
        "http-browserify": "0.1.2",
        "merge": "1.0.0",
        "optimist": "0.3.4",
        "process": "0.5.0",
        "required": "0.0.8"
      },
      "bin": {
        "bundle": "bin/bundle"
      }
    },
    "node_modules/source-map": {
      "version": "0.7.4",
      "resolved": "https://registry.npmjs.org/source-map/-/source-map-0.7.4.tgz",
      "integrity": "sha512-l3BikUxvPOcn5E74dZiq5BGsTb5yEwhaTSzccU6t4sDOH8NWJCstKO5QT2CvtFoK6F0saL7p9xHAqHOlCPJygA==",
      "optional": true,
      "engines": {
        "node": ">= 8"
      }
    },
    "node_modules/wordwrap": {
      "version": "0.0.3",
      "resolved": "https://registry.npmjs.org/wordwrap/-/wordwrap-0.0.3.tgz",
      "integrity": "sha512-1tMA907+V4QmxV7dbRvb4/8MaRALK6q9Abid3ndMYnbyo8piisCmeONVqVSXqQA3KaP4SLt5b7ud6E2sqP8TFw==",
      "engines": {
        "node": ">=0.4.0"
      }
    }
  }
}
